
Microsoft Visual Studio Solution File, Format Version 12.00
# Visual Studio Version 16
VisualStudioVersion = 16.0.30104.148
MinimumVisualStudioVersion = 10.0.40219.1
Project("{8BC9CEB8-8B4A-11D0-8D11-00A0C91BC942}") = "SFML_Minesweeper", "SFML_Minesweeper\SFML_Minesweeper.vcxproj", "{1EAAC940-CD4B-42DB-A29C-16635228E7E3}"
EndProject
Global
	GlobalSection(SolutionConfigurationPlatforms) = preSolution
		Debug|x64 = Debug|x64
		Debug|x86 = Debug|x86
		Release|x64 = Release|x64
		Release|x86 = Release|x86
	EndGlobalSection
	GlobalSection(ProjectConfigurationPlatforms) = postSolution
		{1EAAC940-CD4B-42DB-A29C-16635228E7E3}.Debug|x64.ActiveCfg = Debug|x64
		{1EAAC940-CD4B-42DB-A29C-16635228E7E3}.Debug|x64.Build.0 = Debug|x64
		{1EAAC940-CD4B-42DB-A29C-16635228E7E3}.Debug|x86.ActiveCfg = Debug|Win32
		{1EAAC940-CD4B-42DB-A29C-16635228E7E3}.Debug|x86.Build.0 = Debug|Win32
		{1EAAC940-CD4B-42DB-A29C-16635228E7E3}.Release|x64.ActiveCfg = Release|x64
		{1EAAC940-CD4B-42DB-A29C-16635228E7E3}.Release|x64.Build.0 = Release|x64
		{1EAAC940-CD4B-42DB-A29C-16635228E7E3}.Release|x86.ActiveCfg = Release|Win32
		{1EAAC940-CD4B-42DB-A29C-16635228E7E3}.Release|x86.Build.0 = Release|Win32
	EndGlobalSection
	GlobalSection(SolutionProperties) = preSolution
		HideSolutionNode = FALSE
	EndGlobalSection
	GlobalSection(ExtensibilityGlobals) = postSolution
		SolutionGuid = {0093C6D8-A925-4353-ADBA-06CF713B1C6A}
	EndGlobalSection
EndGlobal
